// !$*UTF8*$!
{
	archiveVersion = 1;
	classes = {
	};
	objectVersion = 56;
	objects = {

/* Begin PBXBuildFile section */
		48102D8A29177F6E00326AD2 /* ExploreViewModel.swift in Sources */ = {isa = PBXBuildFile; fileRef = 48102D8929177F6E00326AD2 /* ExploreViewModel.swift */; };
		4811532A29057AC9007AEFDC /* SideMenuOptionRowView.swift in Sources */ = {isa = PBXBuildFile; fileRef = 4811532929057AC9007AEFDC /* SideMenuOptionRowView.swift */; };
		485839F6290B688D001323BA /* AuthViewModel.swift in Sources */ = {isa = PBXBuildFile; fileRef = 485839F5290B688D001323BA /* AuthViewModel.swift */; };
		485FD67E28FB220D004ED981 /* TwitterSwiftUiYoutubeApp.swift in Sources */ = {isa = PBXBuildFile; fileRef = 485FD67D28FB220D004ED981 /* TwitterSwiftUiYoutubeApp.swift */; };
		485FD68028FB220D004ED981 /* ContentView.swift in Sources */ = {isa = PBXBuildFile; fileRef = 485FD67F28FB220D004ED981 /* ContentView.swift */; };
		485FD68228FB220F004ED981 /* Assets.xcassets in Resources */ = {isa = PBXBuildFile; fileRef = 485FD68128FB220F004ED981 /* Assets.xcassets */; };
		485FD68528FB220F004ED981 /* Preview Assets.xcassets in Resources */ = {isa = PBXBuildFile; fileRef = 485FD68428FB220F004ED981 /* Preview Assets.xcassets */; };
		485FD69428FB230A004ED981 /* FeedView.swift in Sources */ = {isa = PBXBuildFile; fileRef = 485FD69328FB230A004ED981 /* FeedView.swift */; };
		485FD69728FC4D34004ED981 /* TweetRowView.swift in Sources */ = {isa = PBXBuildFile; fileRef = 485FD69628FC4D34004ED981 /* TweetRowView.swift */; };
		4869073A28FC563000E00DCA /* MainTabView.swift in Sources */ = {isa = PBXBuildFile; fileRef = 4869073928FC563000E00DCA /* MainTabView.swift */; };
		4869074128FC58AB00E00DCA /* ExploreView.swift in Sources */ = {isa = PBXBuildFile; fileRef = 4869074028FC58AB00E00DCA /* ExploreView.swift */; };
		4869074328FC58CC00E00DCA /* NotificationsView.swift in Sources */ = {isa = PBXBuildFile; fileRef = 4869074228FC58CC00E00DCA /* NotificationsView.swift */; };
		4869074528FC58F200E00DCA /* MessagesView.swift in Sources */ = {isa = PBXBuildFile; fileRef = 4869074428FC58F200E00DCA /* MessagesView.swift */; };
		4869074928FC5AEE00E00DCA /* ProfileView.swift in Sources */ = {isa = PBXBuildFile; fileRef = 4869074828FC5AEE00E00DCA /* ProfileView.swift */; };
		486A3FBD290FEDEA009E1C8D /* ImagePicker.swift in Sources */ = {isa = PBXBuildFile; fileRef = 486A3FBC290FEDEA009E1C8D /* ImagePicker.swift */; };
		486F472B29136C1D002D4384 /* ImageUploader.swift in Sources */ = {isa = PBXBuildFile; fileRef = 486F472A29136C1D002D4384 /* ImageUploader.swift */; };
		486FDEAA290970D20062C2DF /* LoginView.swift in Sources */ = {isa = PBXBuildFile; fileRef = 486FDEA9290970D20062C2DF /* LoginView.swift */; };
		486FDEAC290970E10062C2DF /* RegistrationView.swift in Sources */ = {isa = PBXBuildFile; fileRef = 486FDEAB290970E10062C2DF /* RegistrationView.swift */; };
		486FDEAE290975310062C2DF /* RoundedShape.swift in Sources */ = {isa = PBXBuildFile; fileRef = 486FDEAD290975310062C2DF /* RoundedShape.swift */; };
		486FDEB0290A5A7A0062C2DF /* CustomInputField.swift in Sources */ = {isa = PBXBuildFile; fileRef = 486FDEAF290A5A7A0062C2DF /* CustomInputField.swift */; };
		486FDEB3290B58DE0062C2DF /* AuthHeaderView.swift in Sources */ = {isa = PBXBuildFile; fileRef = 486FDEB2290B58DE0062C2DF /* AuthHeaderView.swift */; };
		486FDEB5290B62EB0062C2DF /* GoogleService-Info.plist in Resources */ = {isa = PBXBuildFile; fileRef = 486FDEB4290B62EB0062C2DF /* GoogleService-Info.plist */; };
		486FDEB8290B644C0062C2DF /* FirebaseAuth in Frameworks */ = {isa = PBXBuildFile; productRef = 486FDEB7290B644C0062C2DF /* FirebaseAuth */; };
		486FDEBA290B644C0062C2DF /* FirebaseFirestore in Frameworks */ = {isa = PBXBuildFile; productRef = 486FDEB9290B644C0062C2DF /* FirebaseFirestore */; };
		486FDEBC290B644C0062C2DF /* FirebaseFirestoreSwift in Frameworks */ = {isa = PBXBuildFile; productRef = 486FDEBB290B644C0062C2DF /* FirebaseFirestoreSwift */; };
		486FDEBE290B644C0062C2DF /* FirebaseStorage in Frameworks */ = {isa = PBXBuildFile; productRef = 486FDEBD290B644C0062C2DF /* FirebaseStorage */; };
		4870878E290E2C14009A2226 /* ProfilePhotoSelectorView.swift in Sources */ = {isa = PBXBuildFile; fileRef = 4870878D290E2C14009A2226 /* ProfilePhotoSelectorView.swift */; };
		487567DB29152B8E00475683 /* userService.swift in Sources */ = {isa = PBXBuildFile; fileRef = 487567DA29152B8E00475683 /* userService.swift */; };
		48A43C6D29013144002B9FE5 /* TweetFilterViewModel.swift in Sources */ = {isa = PBXBuildFile; fileRef = 48A43C6C29013144002B9FE5 /* TweetFilterViewModel.swift */; };
		48A43C7229023524002B9FE5 /* UserRowView.swift in Sources */ = {isa = PBXBuildFile; fileRef = 48A43C7129023524002B9FE5 /* UserRowView.swift */; };
		48A43C772903CADE002B9FE5 /* SideMenuView.swift in Sources */ = {isa = PBXBuildFile; fileRef = 48A43C762903CADE002B9FE5 /* SideMenuView.swift */; };
		48A43C7B2903CB17002B9FE5 /* SideMenuViewModel.swift in Sources */ = {isa = PBXBuildFile; fileRef = 48A43C7A2903CB17002B9FE5 /* SideMenuViewModel.swift */; };
		48A43C7D2904EFE2002B9FE5 /* UserStatsView.swift in Sources */ = {isa = PBXBuildFile; fileRef = 48A43C7C2904EFE2002B9FE5 /* UserStatsView.swift */; };
		48D28DB029153CE2003002C1 /* User.swift in Sources */ = {isa = PBXBuildFile; fileRef = 48D28DAF29153CE2003002C1 /* User.swift */; };
		48D28DB329154E75003002C1 /* Kingfisher in Frameworks */ = {isa = PBXBuildFile; productRef = 48D28DB229154E75003002C1 /* Kingfisher */; };
		48E3D6F42906C42300412781 /* NewTweetView.swift in Sources */ = {isa = PBXBuildFile; fileRef = 48E3D6F32906C42300412781 /* NewTweetView.swift */; };
		48E3D6F62906C62B00412781 /* TextArea.swift in Sources */ = {isa = PBXBuildFile; fileRef = 48E3D6F52906C62B00412781 /* TextArea.swift */; };
/* End PBXBuildFile section */

/* Begin PBXFileReference section */
		48102D8929177F6E00326AD2 /* ExploreViewModel.swift */ = {isa = PBXFileReference; lastKnownFileType = sourcecode.swift; path = ExploreViewModel.swift; sourceTree = "<group>"; };
		4811532929057AC9007AEFDC /* SideMenuOptionRowView.swift */ = {isa = PBXFileReference; lastKnownFileType = sourcecode.swift; path = SideMenuOptionRowView.swift; sourceTree = "<group>"; };
		485839F5290B688D001323BA /* AuthViewModel.swift */ = {isa = PBXFileReference; lastKnownFileType = sourcecode.swift; path = AuthViewModel.swift; sourceTree = "<group>"; };
		485FD67A28FB220D004ED981 /* TwitterSwiftUiYoutube.app */ = {isa = PBXFileReference; explicitFileType = wrapper.application; includeInIndex = 0; path = TwitterSwiftUiYoutube.app; sourceTree = BUILT_PRODUCTS_DIR; };
		485FD67D28FB220D004ED981 /* TwitterSwiftUiYoutubeApp.swift */ = {isa = PBXFileReference; lastKnownFileType = sourcecode.swift; path = TwitterSwiftUiYoutubeApp.swift; sourceTree = "<group>"; };
		485FD67F28FB220D004ED981 /* ContentView.swift */ = {isa = PBXFileReference; lastKnownFileType = sourcecode.swift; path = ContentView.swift; sourceTree = "<group>"; };
		485FD68128FB220F004ED981 /* Assets.xcassets */ = {isa = PBXFileReference; lastKnownFileType = folder.assetcatalog; path = Assets.xcassets; sourceTree = "<group>"; };
		485FD68428FB220F004ED981 /* Preview Assets.xcassets */ = {isa = PBXFileReference; lastKnownFileType = folder.assetcatalog; path = "Preview Assets.xcassets"; sourceTree = "<group>"; };
		485FD69328FB230A004ED981 /* FeedView.swift */ = {isa = PBXFileReference; lastKnownFileType = sourcecode.swift; path = FeedView.swift; sourceTree = "<group>"; };
		485FD69628FC4D34004ED981 /* TweetRowView.swift */ = {isa = PBXFileReference; lastKnownFileType = sourcecode.swift; path = TweetRowView.swift; sourceTree = "<group>"; };
		4869073928FC563000E00DCA /* MainTabView.swift */ = {isa = PBXFileReference; lastKnownFileType = sourcecode.swift; path = MainTabView.swift; sourceTree = "<group>"; };
		4869074028FC58AB00E00DCA /* ExploreView.swift */ = {isa = PBXFileReference; lastKnownFileType = sourcecode.swift; path = ExploreView.swift; sourceTree = "<group>"; };
		4869074228FC58CC00E00DCA /* NotificationsView.swift */ = {isa = PBXFileReference; lastKnownFileType = sourcecode.swift; path = NotificationsView.swift; sourceTree = "<group>"; };
		4869074428FC58F200E00DCA /* MessagesView.swift */ = {isa = PBXFileReference; lastKnownFileType = sourcecode.swift; path = MessagesView.swift; sourceTree = "<group>"; };
		4869074828FC5AEE00E00DCA /* ProfileView.swift */ = {isa = PBXFileReference; lastKnownFileType = sourcecode.swift; path = ProfileView.swift; sourceTree = "<group>"; };
		486A3FBC290FEDEA009E1C8D /* ImagePicker.swift */ = {isa = PBXFileReference; lastKnownFileType = sourcecode.swift; path = ImagePicker.swift; sourceTree = "<group>"; };
		486F472A29136C1D002D4384 /* ImageUploader.swift */ = {isa = PBXFileReference; lastKnownFileType = sourcecode.swift; path = ImageUploader.swift; sourceTree = "<group>"; };
		486FDEA9290970D20062C2DF /* LoginView.swift */ = {isa = PBXFileReference; lastKnownFileType = sourcecode.swift; path = LoginView.swift; sourceTree = "<group>"; };
		486FDEAB290970E10062C2DF /* RegistrationView.swift */ = {isa = PBXFileReference; lastKnownFileType = sourcecode.swift; path = RegistrationView.swift; sourceTree = "<group>"; };
		486FDEAD290975310062C2DF /* RoundedShape.swift */ = {isa = PBXFileReference; lastKnownFileType = sourcecode.swift; path = RoundedShape.swift; sourceTree = "<group>"; };
		486FDEAF290A5A7A0062C2DF /* CustomInputField.swift */ = {isa = PBXFileReference; lastKnownFileType = sourcecode.swift; path = CustomInputField.swift; sourceTree = "<group>"; };
		486FDEB2290B58DE0062C2DF /* AuthHeaderView.swift */ = {isa = PBXFileReference; lastKnownFileType = sourcecode.swift; path = AuthHeaderView.swift; sourceTree = "<group>"; };
		486FDEB4290B62EB0062C2DF /* GoogleService-Info.plist */ = {isa = PBXFileReference; fileEncoding = 4; lastKnownFileType = text.plist.xml; path = "GoogleService-Info.plist"; sourceTree = "<group>"; };
		4870878D290E2C14009A2226 /* ProfilePhotoSelectorView.swift */ = {isa = PBXFileReference; lastKnownFileType = sourcecode.swift; path = ProfilePhotoSelectorView.swift; sourceTree = "<group>"; };
		487567DA29152B8E00475683 /* userService.swift */ = {isa = PBXFileReference; lastKnownFileType = sourcecode.swift; path = userService.swift; sourceTree = "<group>"; };
		48A43C6C29013144002B9FE5 /* TweetFilterViewModel.swift */ = {isa = PBXFileReference; lastKnownFileType = sourcecode.swift; path = TweetFilterViewModel.swift; sourceTree = "<group>"; };
		48A43C7129023524002B9FE5 /* UserRowView.swift */ = {isa = PBXFileReference; lastKnownFileType = sourcecode.swift; path = UserRowView.swift; sourceTree = "<group>"; };
		48A43C762903CADE002B9FE5 /* SideMenuView.swift */ = {isa = PBXFileReference; lastKnownFileType = sourcecode.swift; path = SideMenuView.swift; sourceTree = "<group>"; };
		48A43C7A2903CB17002B9FE5 /* SideMenuViewModel.swift */ = {isa = PBXFileReference; lastKnownFileType = sourcecode.swift; path = SideMenuViewModel.swift; sourceTree = "<group>"; };
		48A43C7C2904EFE2002B9FE5 /* UserStatsView.swift */ = {isa = PBXFileReference; lastKnownFileType = sourcecode.swift; path = UserStatsView.swift; sourceTree = "<group>"; };
		48D28DAF29153CE2003002C1 /* User.swift */ = {isa = PBXFileReference; lastKnownFileType = sourcecode.swift; path = User.swift; sourceTree = "<group>"; };
		48E3D6F32906C42300412781 /* NewTweetView.swift */ = {isa = PBXFileReference; lastKnownFileType = sourcecode.swift; path = NewTweetView.swift; sourceTree = "<group>"; };
		48E3D6F52906C62B00412781 /* TextArea.swift */ = {isa = PBXFileReference; lastKnownFileType = sourcecode.swift; path = TextArea.swift; sourceTree = "<group>"; };
/* End PBXFileReference section */

/* Begin PBXFrameworksBuildPhase section */
		485FD67728FB220D004ED981 /* Frameworks */ = {
			isa = PBXFrameworksBuildPhase;
			buildActionMask = 2147483647;
			files = (
				486FDEB8290B644C0062C2DF /* FirebaseAuth in Frameworks */,
				486FDEBE290B644C0062C2DF /* FirebaseStorage in Frameworks */,
				486FDEBA290B644C0062C2DF /* FirebaseFirestore in Frameworks */,
				486FDEBC290B644C0062C2DF /* FirebaseFirestoreSwift in Frameworks */,
				48D28DB329154E75003002C1 /* Kingfisher in Frameworks */,
			);
			runOnlyForDeploymentPostprocessing = 0;
		};
/* End PBXFrameworksBuildPhase section */

/* Begin PBXGroup section */
		485FD67128FB220D004ED981 = {
			isa = PBXGroup;
			children = (
				485FD67C28FB220D004ED981 /* TwitterSwiftUiYoutube */,
				485FD67B28FB220D004ED981 /* Products */,
			);
			sourceTree = "<group>";
		};
		485FD67B28FB220D004ED981 /* Products */ = {
			isa = PBXGroup;
			children = (
				485FD67A28FB220D004ED981 /* TwitterSwiftUiYoutube.app */,
			);
			name = Products;
			sourceTree = "<group>";
		};
		485FD67C28FB220D004ED981 /* TwitterSwiftUiYoutube */ = {
			isa = PBXGroup;
			children = (
				486A3FBB290FEDD1009E1C8D /* Utils */,
				485FD68C28FB2266004ED981 /* Extensions */,
				485FD69028FB229E004ED981 /* Model */,
				485FD68D28FB2272004ED981 /* Service */,
				485FD68B28FB225F004ED981 /* Core */,
				485FD67D28FB220D004ED981 /* TwitterSwiftUiYoutubeApp.swift */,
				485FD67F28FB220D004ED981 /* ContentView.swift */,
				485FD68128FB220F004ED981 /* Assets.xcassets */,
				486FDEB4290B62EB0062C2DF /* GoogleService-Info.plist */,
				485FD68328FB220F004ED981 /* Preview Content */,
			);
			path = TwitterSwiftUiYoutube;
			sourceTree = "<group>";
		};
		485FD68328FB220F004ED981 /* Preview Content */ = {
			isa = PBXGroup;
			children = (
				485FD68428FB220F004ED981 /* Preview Assets.xcassets */,
			);
			path = "Preview Content";
			sourceTree = "<group>";
		};
		485FD68B28FB225F004ED981 /* Core */ = {
			isa = PBXGroup;
			children = (
				485FD68E28FB2273004ED981 /* Components */,
				486FDEA6290970A90062C2DF /* Authentication */,
				48E3D6F02906C3F000412781 /* UploadTweet */,
				48A43C732903CA35002B9FE5 /* SideMenu */,
				4869073E28FC580600E00DCA /* Profile */,
				4869073D28FC57D000E00DCA /* Explore */,
				4869073B28FC57C100E00DCA /* Notifications */,
				4869073F28FC581500E00DCA /* Messages */,
				4869073828FC55CB00E00DCA /* MainTab */,
				485FD68F28FB2286004ED981 /* Feed */,
			);
			path = Core;
			sourceTree = "<group>";
		};
		485FD68C28FB2266004ED981 /* Extensions */ = {
			isa = PBXGroup;
			children = (
			);
			path = Extensions;
			sourceTree = "<group>";
		};
		485FD68D28FB2272004ED981 /* Service */ = {
			isa = PBXGroup;
			children = (
				486F472A29136C1D002D4384 /* ImageUploader.swift */,
				487567DA29152B8E00475683 /* userService.swift */,
			);
			path = Service;
			sourceTree = "<group>";
		};
		485FD68E28FB2273004ED981 /* Components */ = {
			isa = PBXGroup;
			children = (
				486FDEB1290B58B90062C2DF /* Authentication */,
				48A43C702902350A002B9FE5 /* Users */,
				485FD69528FC4D01004ED981 /* Tweets */,
				48E3D6F52906C62B00412781 /* TextArea.swift */,
				486FDEAD290975310062C2DF /* RoundedShape.swift */,
				486FDEAF290A5A7A0062C2DF /* CustomInputField.swift */,
			);
			path = Components;
			sourceTree = "<group>";
		};
		485FD68F28FB2286004ED981 /* Feed */ = {
			isa = PBXGroup;
			children = (
				485FD69128FB22E3004ED981 /* ViewModels */,
				485FD69228FB22F5004ED981 /* View */,
			);
			path = Feed;
			sourceTree = "<group>";
		};
		485FD69028FB229E004ED981 /* Model */ = {
			isa = PBXGroup;
			children = (
				48D28DAF29153CE2003002C1 /* User.swift */,
			);
			path = Model;
			sourceTree = "<group>";
		};
		485FD69128FB22E3004ED981 /* ViewModels */ = {
			isa = PBXGroup;
			children = (
			);
			path = ViewModels;
			sourceTree = "<group>";
		};
		485FD69228FB22F5004ED981 /* View */ = {
			isa = PBXGroup;
			children = (
				485FD69328FB230A004ED981 /* FeedView.swift */,
			);
			path = View;
			sourceTree = "<group>";
		};
		485FD69528FC4D01004ED981 /* Tweets */ = {
			isa = PBXGroup;
			children = (
				485FD69628FC4D34004ED981 /* TweetRowView.swift */,
			);
			path = Tweets;
			sourceTree = "<group>";
		};
		4869073828FC55CB00E00DCA /* MainTab */ = {
			isa = PBXGroup;
			children = (
				4869073928FC563000E00DCA /* MainTabView.swift */,
			);
			path = MainTab;
			sourceTree = "<group>";
		};
		4869073B28FC57C100E00DCA /* Notifications */ = {
			isa = PBXGroup;
			children = (
				4869074228FC58CC00E00DCA /* NotificationsView.swift */,
			);
			path = Notifications;
			sourceTree = "<group>";
		};
		4869073D28FC57D000E00DCA /* Explore */ = {
			isa = PBXGroup;
			children = (
				48A43C6F290234BB002B9FE5 /* ViewModels */,
				48A43C6E290234B0002B9FE5 /* Views */,
			);
			path = Explore;
			sourceTree = "<group>";
		};
		4869073E28FC580600E00DCA /* Profile */ = {
			isa = PBXGroup;
			children = (
				4869074628FC5A9300E00DCA /* ViewModels */,
				4869074728FC5A9C00E00DCA /* VIews */,
			);
			path = Profile;
			sourceTree = "<group>";
		};
		4869073F28FC581500E00DCA /* Messages */ = {
			isa = PBXGroup;
			children = (
				4869074428FC58F200E00DCA /* MessagesView.swift */,
			);
			path = Messages;
			sourceTree = "<group>";
		};
		4869074628FC5A9300E00DCA /* ViewModels */ = {
			isa = PBXGroup;
			children = (
				48A43C6C29013144002B9FE5 /* TweetFilterViewModel.swift */,
			);
			path = ViewModels;
			sourceTree = "<group>";
		};
		4869074728FC5A9C00E00DCA /* VIews */ = {
			isa = PBXGroup;
			children = (
				4869074828FC5AEE00E00DCA /* ProfileView.swift */,
			);
			path = VIews;
			sourceTree = "<group>";
		};
		486A3FBB290FEDD1009E1C8D /* Utils */ = {
			isa = PBXGroup;
			children = (
				486A3FBC290FEDEA009E1C8D /* ImagePicker.swift */,
			);
			path = Utils;
			sourceTree = "<group>";
		};
		486FDEA6290970A90062C2DF /* Authentication */ = {
			isa = PBXGroup;
			children = (
				486FDEA8290970B90062C2DF /* ViewModel */,
				486FDEA7290970B50062C2DF /* VIews */,
			);
			path = Authentication;
			sourceTree = "<group>";
		};
		486FDEA7290970B50062C2DF /* VIews */ = {
			isa = PBXGroup;
			children = (
				486FDEA9290970D20062C2DF /* LoginView.swift */,
				486FDEAB290970E10062C2DF /* RegistrationView.swift */,
				4870878D290E2C14009A2226 /* ProfilePhotoSelectorView.swift */,
			);
			path = VIews;
			sourceTree = "<group>";
		};
		486FDEA8290970B90062C2DF /* ViewModel */ = {
			isa = PBXGroup;
			children = (
				485839F5290B688D001323BA /* AuthViewModel.swift */,
			);
			path = ViewModel;
			sourceTree = "<group>";
		};
		486FDEB1290B58B90062C2DF /* Authentication */ = {
			isa = PBXGroup;
			children = (
				486FDEB2290B58DE0062C2DF /* AuthHeaderView.swift */,
			);
			path = Authentication;
			sourceTree = "<group>";
		};
		48A43C6E290234B0002B9FE5 /* Views */ = {
			isa = PBXGroup;
			children = (
				4869074028FC58AB00E00DCA /* ExploreView.swift */,
			);
			path = Views;
			sourceTree = "<group>";
		};
		48A43C6F290234BB002B9FE5 /* ViewModels */ = {
			isa = PBXGroup;
			children = (
				48102D8929177F6E00326AD2 /* ExploreViewModel.swift */,
			);
			path = ViewModels;
			sourceTree = "<group>";
		};
		48A43C702902350A002B9FE5 /* Users */ = {
			isa = PBXGroup;
			children = (
				48A43C7129023524002B9FE5 /* UserRowView.swift */,
				48A43C7C2904EFE2002B9FE5 /* UserStatsView.swift */,
			);
			path = Users;
			sourceTree = "<group>";
		};
		48A43C732903CA35002B9FE5 /* SideMenu */ = {
			isa = PBXGroup;
			children = (
				48A43C752903CA9E002B9FE5 /* ViewModel */,
				48A43C742903CA9A002B9FE5 /* VIews */,
			);
			path = SideMenu;
			sourceTree = "<group>";
		};
		48A43C742903CA9A002B9FE5 /* VIews */ = {
			isa = PBXGroup;
			children = (
				48A43C762903CADE002B9FE5 /* SideMenuView.swift */,
				4811532929057AC9007AEFDC /* SideMenuOptionRowView.swift */,
			);
			path = VIews;
			sourceTree = "<group>";
		};
		48A43C752903CA9E002B9FE5 /* ViewModel */ = {
			isa = PBXGroup;
			children = (
				48A43C7A2903CB17002B9FE5 /* SideMenuViewModel.swift */,
			);
			path = ViewModel;
			sourceTree = "<group>";
		};
		48E3D6F02906C3F000412781 /* UploadTweet */ = {
			isa = PBXGroup;
			children = (
				48E3D6F12906C3FC00412781 /* ViewModels */,
				48E3D6F22906C40500412781 /* VIew */,
			);
			path = UploadTweet;
			sourceTree = "<group>";
		};
		48E3D6F12906C3FC00412781 /* ViewModels */ = {
			isa = PBXGroup;
			children = (
			);
			path = ViewModels;
			sourceTree = "<group>";
		};
		48E3D6F22906C40500412781 /* VIew */ = {
			isa = PBXGroup;
			children = (
				48E3D6F32906C42300412781 /* NewTweetView.swift */,
			);
			path = VIew;
			sourceTree = "<group>";
		};
/* End PBXGroup section */

/* Begin PBXNativeTarget section */
		485FD67928FB220D004ED981 /* TwitterSwiftUiYoutube */ = {
			isa = PBXNativeTarget;
			buildConfigurationList = 485FD68828FB220F004ED981 /* Build configuration list for PBXNativeTarget "TwitterSwiftUiYoutube" */;
			buildPhases = (
				485FD67628FB220D004ED981 /* Sources */,
				485FD67728FB220D004ED981 /* Frameworks */,
				485FD67828FB220D004ED981 /* Resources */,
			);
			buildRules = (
			);
			dependencies = (
			);
			name = TwitterSwiftUiYoutube;
			packageProductDependencies = (
				486FDEB7290B644C0062C2DF /* FirebaseAuth */,
				486FDEB9290B644C0062C2DF /* FirebaseFirestore */,
				486FDEBB290B644C0062C2DF /* FirebaseFirestoreSwift */,
				486FDEBD290B644C0062C2DF /* FirebaseStorage */,
				48D28DB229154E75003002C1 /* Kingfisher */,
			);
			productName = TwitterSwiftUiYoutube;
			productReference = 485FD67A28FB220D004ED981 /* TwitterSwiftUiYoutube.app */;
			productType = "com.apple.product-type.application";
		};
/* End PBXNativeTarget section */

/* Begin PBXProject section */
		485FD67228FB220D004ED981 /* Project object */ = {
			isa = PBXProject;
			attributes = {
				BuildIndependentTargetsInParallel = 1;
				LastSwiftUpdateCheck = 1400;
				LastUpgradeCheck = 1400;
				TargetAttributes = {
					485FD67928FB220D004ED981 = {
						CreatedOnToolsVersion = 14.0.1;
					};
				};
			};
			buildConfigurationList = 485FD67528FB220D004ED981 /* Build configuration list for PBXProject "TwitterSwiftUiYoutube" */;
			compatibilityVersion = "Xcode 14.0";
			developmentRegion = en;
			hasScannedForEncodings = 0;
			knownRegions = (
				en,
				Base,
			);
			mainGroup = 485FD67128FB220D004ED981;
			packageReferences = (
				486FDEB6290B644C0062C2DF /* XCRemoteSwiftPackageReference "firebase-ios-sdk" */,
				48D28DB129154E74003002C1 /* XCRemoteSwiftPackageReference "Kingfisher" */,
			);
			productRefGroup = 485FD67B28FB220D004ED981 /* Products */;
			projectDirPath = "";
			projectRoot = "";
			targets = (
				485FD67928FB220D004ED981 /* TwitterSwiftUiYoutube */,
			);
		};
/* End PBXProject section */

/* Begin PBXResourcesBuildPhase section */
		485FD67828FB220D004ED981 /* Resources */ = {
			isa = PBXResourcesBuildPhase;
			buildActionMask = 2147483647;
			files = (
				485FD68528FB220F004ED981 /* Preview Assets.xcassets in Resources */,
				485FD68228FB220F004ED981 /* Assets.xcassets in Resources */,
				486FDEB5290B62EB0062C2DF /* GoogleService-Info.plist in Resources */,
			);
			runOnlyForDeploymentPostprocessing = 0;
		};
/* End PBXResourcesBuildPhase section */

/* Begin PBXSourcesBuildPhase section */
		485FD67628FB220D004ED981 /* Sources */ = {
			isa = PBXSourcesBuildPhase;
			buildActionMask = 2147483647;
			files = (
				487567DB29152B8E00475683 /* userService.swift in Sources */,
				48A43C6D29013144002B9FE5 /* TweetFilterViewModel.swift in Sources */,
				4869074528FC58F200E00DCA /* MessagesView.swift in Sources */,
				486A3FBD290FEDEA009E1C8D /* ImagePicker.swift in Sources */,
				4869074928FC5AEE00E00DCA /* ProfileView.swift in Sources */,
				486FDEB3290B58DE0062C2DF /* AuthHeaderView.swift in Sources */,
				486F472B29136C1D002D4384 /* ImageUploader.swift in Sources */,
				485FD68028FB220D004ED981 /* ContentView.swift in Sources */,
				486FDEB0290A5A7A0062C2DF /* CustomInputField.swift in Sources */,
				485FD69728FC4D34004ED981 /* TweetRowView.swift in Sources */,
				485FD69428FB230A004ED981 /* FeedView.swift in Sources */,
				4870878E290E2C14009A2226 /* ProfilePhotoSelectorView.swift in Sources */,
				48102D8A29177F6E00326AD2 /* ExploreViewModel.swift in Sources */,
				48A43C772903CADE002B9FE5 /* SideMenuView.swift in Sources */,
				485FD67E28FB220D004ED981 /* TwitterSwiftUiYoutubeApp.swift in Sources */,
				4869074128FC58AB00E00DCA /* ExploreView.swift in Sources */,
				48A43C7B2903CB17002B9FE5 /* SideMenuViewModel.swift in Sources */,
				48E3D6F62906C62B00412781 /* TextArea.swift in Sources */,
				48A43C7229023524002B9FE5 /* UserRowView.swift in Sources */,
				486FDEAA290970D20062C2DF /* LoginView.swift in Sources */,
				486FDEAC290970E10062C2DF /* RegistrationView.swift in Sources */,
				48D28DB029153CE2003002C1 /* User.swift in Sources */,
				48E3D6F42906C42300412781 /* NewTweetView.swift in Sources */,
				485839F6290B688D001323BA /* AuthViewModel.swift in Sources */,
				486FDEAE290975310062C2DF /* RoundedShape.swift in Sources */,
				4811532A29057AC9007AEFDC /* SideMenuOptionRowView.swift in Sources */,
				4869073A28FC563000E00DCA /* MainTabView.swift in Sources */,
				4869074328FC58CC00E00DCA /* NotificationsView.swift in Sources */,
				48A43C7D2904EFE2002B9FE5 /* UserStatsView.swift in Sources */,
			);
			runOnlyForDeploymentPostprocessing = 0;
		};
/* End PBXSourcesBuildPhase section */

/* Begin XCBuildConfiguration section */
		485FD68628FB220F004ED981 /* Debug */ = {
			isa = XCBuildConfiguration;
			buildSettings = {
				ALWAYS_SEARCH_USER_PATHS = NO;
				CLANG_ANALYZER_NONNULL = YES;
				CLANG_ANALYZER_NUMBER_OBJECT_CONVERSION = YES_AGGRESSIVE;
				CLANG_CXX_LANGUAGE_STANDARD = "gnu++20";
				CLANG_ENABLE_MODULES = YES;
				CLANG_ENABLE_OBJC_ARC = YES;
				CLANG_ENABLE_OBJC_WEAK = YES;
				CLANG_WARN_BLOCK_CAPTURE_AUTORELEASING = YES;
				CLANG_WARN_BOOL_CONVERSION = YES;
				CLANG_WARN_COMMA = YES;
				CLANG_WARN_CONSTANT_CONVERSION = YES;
				CLANG_WARN_DEPRECATED_OBJC_IMPLEMENTATIONS = YES;
				CLANG_WARN_DIRECT_OBJC_ISA_USAGE = YES_ERROR;
				CLANG_WARN_DOCUMENTATION_COMMENTS = YES;
				CLANG_WARN_EMPTY_BODY = YES;
				CLANG_WARN_ENUM_CONVERSION = YES;
				CLANG_WARN_INFINITE_RECURSION = YES;
				CLANG_WARN_INT_CONVERSION = YES;
				CLANG_WARN_NON_LITERAL_NULL_CONVERSION = YES;
				CLANG_WARN_OBJC_IMPLICIT_RETAIN_SELF = YES;
				CLANG_WARN_OBJC_LITERAL_CONVERSION = YES;
				CLANG_WARN_OBJC_ROOT_CLASS = YES_ERROR;
				CLANG_WARN_QUOTED_INCLUDE_IN_FRAMEWORK_HEADER = YES;
				CLANG_WARN_RANGE_LOOP_ANALYSIS = YES;
				CLANG_WARN_STRICT_PROTOTYPES = YES;
				CLANG_WARN_SUSPICIOUS_MOVE = YES;
				CLANG_WARN_UNGUARDED_AVAILABILITY = YES_AGGRESSIVE;
				CLANG_WARN_UNREACHABLE_CODE = YES;
				CLANG_WARN__DUPLICATE_METHOD_MATCH = YES;
				COPY_PHASE_STRIP = NO;
				DEBUG_INFORMATION_FORMAT = dwarf;
				ENABLE_STRICT_OBJC_MSGSEND = YES;
				ENABLE_TESTABILITY = YES;
				GCC_C_LANGUAGE_STANDARD = gnu11;
				GCC_DYNAMIC_NO_PIC = NO;
				GCC_NO_COMMON_BLOCKS = YES;
				GCC_OPTIMIZATION_LEVEL = 0;
				GCC_PREPROCESSOR_DEFINITIONS = (
					"DEBUG=1",
					"$(inherited)",
				);
				GCC_WARN_64_TO_32_BIT_CONVERSION = YES;
				GCC_WARN_ABOUT_RETURN_TYPE = YES_ERROR;
				GCC_WARN_UNDECLARED_SELECTOR = YES;
				GCC_WARN_UNINITIALIZED_AUTOS = YES_AGGRESSIVE;
				GCC_WARN_UNUSED_FUNCTION = YES;
				GCC_WARN_UNUSED_VARIABLE = YES;
				IPHONEOS_DEPLOYMENT_TARGET = 15.5;
				MTL_ENABLE_DEBUG_INFO = INCLUDE_SOURCE;
				MTL_FAST_MATH = YES;
				ONLY_ACTIVE_ARCH = YES;
				SDKROOT = iphoneos;
				SWIFT_ACTIVE_COMPILATION_CONDITIONS = DEBUG;
				SWIFT_OPTIMIZATION_LEVEL = "-Onone";
			};
			name = Debug;
		};
		485FD68728FB220F004ED981 /* Release */ = {
			isa = XCBuildConfiguration;
			buildSettings = {
				ALWAYS_SEARCH_USER_PATHS = NO;
				CLANG_ANALYZER_NONNULL = YES;
				CLANG_ANALYZER_NUMBER_OBJECT_CONVERSION = YES_AGGRESSIVE;
				CLANG_CXX_LANGUAGE_STANDARD = "gnu++20";
				CLANG_ENABLE_MODULES = YES;
				CLANG_ENABLE_OBJC_ARC = YES;
				CLANG_ENABLE_OBJC_WEAK = YES;
				CLANG_WARN_BLOCK_CAPTURE_AUTORELEASING = YES;
				CLANG_WARN_BOOL_CONVERSION = YES;
				CLANG_WARN_COMMA = YES;
				CLANG_WARN_CONSTANT_CONVERSION = YES;
				CLANG_WARN_DEPRECATED_OBJC_IMPLEMENTATIONS = YES;
				CLANG_WARN_DIRECT_OBJC_ISA_USAGE = YES_ERROR;
				CLANG_WARN_DOCUMENTATION_COMMENTS = YES;
				CLANG_WARN_EMPTY_BODY = YES;
				CLANG_WARN_ENUM_CONVERSION = YES;
				CLANG_WARN_INFINITE_RECURSION = YES;
				CLANG_WARN_INT_CONVERSION = YES;
				CLANG_WARN_NON_LITERAL_NULL_CONVERSION = YES;
				CLANG_WARN_OBJC_IMPLICIT_RETAIN_SELF = YES;
				CLANG_WARN_OBJC_LITERAL_CONVERSION = YES;
				CLANG_WARN_OBJC_ROOT_CLASS = YES_ERROR;
				CLANG_WARN_QUOTED_INCLUDE_IN_FRAMEWORK_HEADER = YES;
				CLANG_WARN_RANGE_LOOP_ANALYSIS = YES;
				CLANG_WARN_STRICT_PROTOTYPES = YES;
				CLANG_WARN_SUSPICIOUS_MOVE = YES;
				CLANG_WARN_UNGUARDED_AVAILABILITY = YES_AGGRESSIVE;
				CLANG_WARN_UNREACHABLE_CODE = YES;
				CLANG_WARN__DUPLICATE_METHOD_MATCH = YES;
				COPY_PHASE_STRIP = NO;
				DEBUG_INFORMATION_FORMAT = "dwarf-with-dsym";
				ENABLE_NS_ASSERTIONS = NO;
				ENABLE_STRICT_OBJC_MSGSEND = YES;
				GCC_C_LANGUAGE_STANDARD = gnu11;
				GCC_NO_COMMON_BLOCKS = YES;
				GCC_WARN_64_TO_32_BIT_CONVERSION = YES;
				GCC_WARN_ABOUT_RETURN_TYPE = YES_ERROR;
				GCC_WARN_UNDECLARED_SELECTOR = YES;
				GCC_WARN_UNINITIALIZED_AUTOS = YES_AGGRESSIVE;
				GCC_WARN_UNUSED_FUNCTION = YES;
				GCC_WARN_UNUSED_VARIABLE = YES;
				IPHONEOS_DEPLOYMENT_TARGET = 15.5;
				MTL_ENABLE_DEBUG_INFO = NO;
				MTL_FAST_MATH = YES;
				SDKROOT = iphoneos;
				SWIFT_COMPILATION_MODE = wholemodule;
				SWIFT_OPTIMIZATION_LEVEL = "-O";
				VALIDATE_PRODUCT = YES;
			};
			name = Release;
		};
		485FD68928FB220F004ED981 /* Debug */ = {
			isa = XCBuildConfiguration;
			buildSettings = {
				ASSETCATALOG_COMPILER_APPICON_NAME = AppIcon;
				ASSETCATALOG_COMPILER_GLOBAL_ACCENT_COLOR_NAME = AccentColor;
				CODE_SIGN_STYLE = Automatic;
				CURRENT_PROJECT_VERSION = 1;
				DEVELOPMENT_ASSET_PATHS = "\"TwitterSwiftUiYoutube/Preview Content\"";
				DEVELOPMENT_TEAM = DLN427AJ4B;
				ENABLE_PREVIEWS = YES;
				GENERATE_INFOPLIST_FILE = YES;
				INFOPLIST_KEY_UIApplicationSceneManifest_Generation = YES;
				INFOPLIST_KEY_UIApplicationSupportsIndirectInputEvents = YES;
				INFOPLIST_KEY_UILaunchScreen_Generation = YES;
				INFOPLIST_KEY_UISupportedInterfaceOrientations_iPad = "UIInterfaceOrientationPortrait UIInterfaceOrientationPortraitUpsideDown UIInterfaceOrientationLandscapeLeft UIInterfaceOrientationLandscapeRight";
				INFOPLIST_KEY_UISupportedInterfaceOrientations_iPhone = "UIInterfaceOrientationPortrait UIInterfaceOrientationLandscapeLeft UIInterfaceOrientationLandscapeRight";
				IPHONEOS_DEPLOYMENT_TARGET = 15.5;
				LD_RUNPATH_SEARCH_PATHS = (
					"$(inherited)",
					"@executable_path/Frameworks",
				);
				MARKETING_VERSION = 1.0;
				PRODUCT_BUNDLE_IDENTIFIER = matomakeapp.TwitterSwiftUiYoutubePractice;
				PRODUCT_NAME = "$(TARGET_NAME)";
				SWIFT_EMIT_LOC_STRINGS = YES;
				SWIFT_VERSION = 5.0;
				TARGETED_DEVICE_FAMILY = "1,2";
			};
			name = Debug;
		};
		485FD68A28FB220F004ED981 /* Release */ = {
			isa = XCBuildConfiguration;
			buildSettings = {
				ASSETCATALOG_COMPILER_APPICON_NAME = AppIcon;
				ASSETCATALOG_COMPILER_GLOBAL_ACCENT_COLOR_NAME = AccentColor;
				CODE_SIGN_STYLE = Automatic;
				CURRENT_PROJECT_VERSION = 1;
				DEVELOPMENT_ASSET_PATHS = "\"TwitterSwiftUiYoutube/Preview Content\"";
				DEVELOPMENT_TEAM = DLN427AJ4B;
				ENABLE_PREVIEWS = YES;
				GENERATE_INFOPLIST_FILE = YES;
				INFOPLIST_KEY_UIApplicationSceneManifest_Generation = YES;
				INFOPLIST_KEY_UIApplicationSupportsIndirectInputEvents = YES;
				INFOPLIST_KEY_UILaunchScreen_Generation = YES;
				INFOPLIST_KEY_UISupportedInterfaceOrientations_iPad = "UIInterfaceOrientationPortrait UIInterfaceOrientationPortraitUpsideDown UIInterfaceOrientationLandscapeLeft UIInterfaceOrientationLandscapeRight";
				INFOPLIST_KEY_UISupportedInterfaceOrientations_iPhone = "UIInterfaceOrientationPortrait UIInterfaceOrientationLandscapeLeft UIInterfaceOrientationLandscapeRight";
				IPHONEOS_DEPLOYMENT_TARGET = 15.5;
				LD_RUNPATH_SEARCH_PATHS = (
					"$(inherited)",
					"@executable_path/Frameworks",
				);
				MARKETING_VERSION = 1.0;
				PRODUCT_BUNDLE_IDENTIFIER = matomakeapp.TwitterSwiftUiYoutubePractice;
				PRODUCT_NAME = "$(TARGET_NAME)";
				SWIFT_EMIT_LOC_STRINGS = YES;
				SWIFT_VERSION = 5.0;
				TARGETED_DEVICE_FAMILY = "1,2";
			};
			name = Release;
		};
/* End XCBuildConfiguration section */

/* Begin XCConfigurationList section */
		485FD67528FB220D004ED981 /* Build configuration list for PBXProject "TwitterSwiftUiYoutube" */ = {
			isa = XCConfigurationList;
			buildConfigurations = (
				485FD68628FB220F004ED981 /* Debug */,
				485FD68728FB220F004ED981 /* Release */,
			);
			defaultConfigurationIsVisible = 0;
			defaultConfigurationName = Release;
		};
		485FD68828FB220F004ED981 /* Build configuration list for PBXNativeTarget "TwitterSwiftUiYoutube" */ = {
			isa = XCConfigurationList;
			buildConfigurations = (
				485FD68928FB220F004ED981 /* Debug */,
				485FD68A28FB220F004ED981 /* Release */,
			);
			defaultConfigurationIsVisible = 0;
			defaultConfigurationName = Release;
		};
/* End XCConfigurationList section */

/* Begin XCRemoteSwiftPackageReference section */
		486FDEB6290B644C0062C2DF /* XCRemoteSwiftPackageReference "firebase-ios-sdk" */ = {
			isa = XCRemoteSwiftPackageReference;
			repositoryURL = "https://github.com/firebase/firebase-ios-sdk";
			requirement = {
				branch = master;
				kind = branch;
			};
		};
		48D28DB129154E74003002C1 /* XCRemoteSwiftPackageReference "Kingfisher" */ = {
			isa = XCRemoteSwiftPackageReference;
			repositoryURL = "https://github.com/onevcat/Kingfisher.git";
			requirement = {
				branch = master;
				kind = branch;
			};
		};
/* End XCRemoteSwiftPackageReference section */

/* Begin XCSwiftPackageProductDependency section */
		486FDEB7290B644C0062C2DF /* FirebaseAuth */ = {
			isa = XCSwiftPackageProductDependency;
			package = 486FDEB6290B644C0062C2DF /* XCRemoteSwiftPackageReference "firebase-ios-sdk" */;
			productName = FirebaseAuth;
		};
		486FDEB9290B644C0062C2DF /* FirebaseFirestore */ = {
			isa = XCSwiftPackageProductDependency;
			package = 486FDEB6290B644C0062C2DF /* XCRemoteSwiftPackageReference "firebase-ios-sdk" */;
			productName = FirebaseFirestore;
		};
		486FDEBB290B644C0062C2DF /* FirebaseFirestoreSwift */ = {
			isa = XCSwiftPackageProductDependency;
			package = 486FDEB6290B644C0062C2DF /* XCRemoteSwiftPackageReference "firebase-ios-sdk" */;
			productName = FirebaseFirestoreSwift;
		};
		486FDEBD290B644C0062C2DF /* FirebaseStorage */ = {
			isa = XCSwiftPackageProductDependency;
			package = 486FDEB6290B644C0062C2DF /* XCRemoteSwiftPackageReference "firebase-ios-sdk" */;
			productName = FirebaseStorage;
		};
		48D28DB229154E75003002C1 /* Kingfisher */ = {
			isa = XCSwiftPackageProductDependency;
			package = 48D28DB129154E74003002C1 /* XCRemoteSwiftPackageReference "Kingfisher" */;
			productName = Kingfisher;
		};
/* End XCSwiftPackageProductDependency section */
	};
	rootObject = 485FD67228FB220D004ED981 /* Project object */;
}
